
Microsoft Visual Studio Solution File, Format Version 12.00
# Visual Studio Version 16
VisualStudioVersion = 16.0.31624.102
MinimumVisualStudioVersion = 10.0.40219.1
Project("{FAE04EC0-301F-11D3-BF4B-00C04F79EFBC}") = "addressbook_web-tests", "addressbook_web-tests\addressbook_web-tests.csproj", "{7AFA54D1-9A35-4782-9863-3EF7DDD6E7C0}"
EndProject
Global
	GlobalSection(SolutionConfigurationPlatforms) = preSolution
		Debug|Any CPU = Debug|Any CPU
		Release|Any CPU = Release|Any CPU
	EndGlobalSection
	GlobalSection(ProjectConfigurationPlatforms) = postSolution
		{7AFA54D1-9A35-4782-9863-3EF7DDD6E7C0}.Debug|Any CPU.ActiveCfg = Debug|Any CPU
		{7AFA54D1-9A35-4782-9863-3EF7DDD6E7C0}.Debug|Any CPU.Build.0 = Debug|Any CPU
		{7AFA54D1-9A35-4782-9863-3EF7DDD6E7C0}.Release|Any CPU.ActiveCfg = Release|Any CPU
		{7AFA54D1-9A35-4782-9863-3EF7DDD6E7C0}.Release|Any CPU.Build.0 = Release|Any CPU
	EndGlobalSection
	GlobalSection(SolutionProperties) = preSolution
		HideSolutionNode = FALSE
	EndGlobalSection
	GlobalSection(ExtensibilityGlobals) = postSolution
		SolutionGuid = {C270F18E-C6A7-4A1E-A8A4-EDBCD4EE1A8D}
	EndGlobalSection
EndGlobal
